
Microsoft Visual Studio Solution File, Format Version 12.00
# Visual Studio Version 17
VisualStudioVersion = 17.0.31903.59
MinimumVisualStudioVersion = 10.0.40219.1
Project("{FAE04EC0-301F-11D3-BF4B-00C04F79EFBC}") = "Payment.Api", "Payment.Api\Payment.Api.csproj", "{3BAEED82-942F-4B8B-A8B2-BA56FF478C5E}"
EndProject
Project("{FAE04EC0-301F-11D3-BF4B-00C04F79EFBC}") = "Payment.Application", "Payment.Application\Payment.Application.csproj", "{1D8660BE-71F2-42AC-BE77-E5FE2FF20F5B}"
EndProject
Project("{FAE04EC0-301F-11D3-BF4B-00C04F79EFBC}") = "Payment.Domain", "Payment.Domain\Payment.Domain.csproj", "{C1D64B40-4330-4366-B025-B7F7103BEB83}"
EndProject
Project("{FAE04EC0-301F-11D3-BF4B-00C04F79EFBC}") = "Payment.Infrastructure", "Payment.Infrastructure\Payment.Infrastructure.csproj", "{79A20279-CB26-492E-932B-05C52AA390F2}"
EndProject
Global
	GlobalSection(SolutionConfigurationPlatforms) = preSolution
		Debug|Any CPU = Debug|Any CPU
		Release|Any CPU = Release|Any CPU
	EndGlobalSection
	GlobalSection(SolutionProperties) = preSolution
		HideSolutionNode = FALSE
	EndGlobalSection
	GlobalSection(ProjectConfigurationPlatforms) = postSolution
		{3BAEED82-942F-4B8B-A8B2-BA56FF478C5E}.Debug|Any CPU.ActiveCfg = Debug|Any CPU
		{3BAEED82-942F-4B8B-A8B2-BA56FF478C5E}.Debug|Any CPU.Build.0 = Debug|Any CPU
		{3BAEED82-942F-4B8B-A8B2-BA56FF478C5E}.Release|Any CPU.ActiveCfg = Release|Any CPU
		{3BAEED82-942F-4B8B-A8B2-BA56FF478C5E}.Release|Any CPU.Build.0 = Release|Any CPU
		{1D8660BE-71F2-42AC-BE77-E5FE2FF20F5B}.Debug|Any CPU.ActiveCfg = Debug|Any CPU
		{1D8660BE-71F2-42AC-BE77-E5FE2FF20F5B}.Debug|Any CPU.Build.0 = Debug|Any CPU
		{1D8660BE-71F2-42AC-BE77-E5FE2FF20F5B}.Release|Any CPU.ActiveCfg = Release|Any CPU
		{1D8660BE-71F2-42AC-BE77-E5FE2FF20F5B}.Release|Any CPU.Build.0 = Release|Any CPU
		{C1D64B40-4330-4366-B025-B7F7103BEB83}.Debug|Any CPU.ActiveCfg = Debug|Any CPU
		{C1D64B40-4330-4366-B025-B7F7103BEB83}.Debug|Any CPU.Build.0 = Debug|Any CPU
		{C1D64B40-4330-4366-B025-B7F7103BEB83}.Release|Any CPU.ActiveCfg = Release|Any CPU
		{C1D64B40-4330-4366-B025-B7F7103BEB83}.Release|Any CPU.Build.0 = Release|Any CPU
		{79A20279-CB26-492E-932B-05C52AA390F2}.Debug|Any CPU.ActiveCfg = Debug|Any CPU
		{79A20279-CB26-492E-932B-05C52AA390F2}.Debug|Any CPU.Build.0 = Debug|Any CPU
		{79A20279-CB26-492E-932B-05C52AA390F2}.Release|Any CPU.ActiveCfg = Release|Any CPU
		{79A20279-CB26-492E-932B-05C52AA390F2}.Release|Any CPU.Build.0 = Release|Any CPU
	EndGlobalSection
EndGlobal
